
Microsoft Visual Studio Solution File, Format Version 12.00
# Visual Studio Version 17
VisualStudioVersion = 17.0.31912.275
MinimumVisualStudioVersion = 10.0.40219.1
Project("{FAE04EC0-301F-11D3-BF4B-00C04F79EFBC}") = "TimeRegApi", "TimeRegApi\TimeRegApi.csproj", "{D501CB7D-6AD8-48AE-B65A-553629CA7FD2}"
EndProject
Global
	GlobalSection(SolutionConfigurationPlatforms) = preSolution
		Debug|Any CPU = Debug|Any CPU
		Release|Any CPU = Release|Any CPU
	EndGlobalSection
	GlobalSection(ProjectConfigurationPlatforms) = postSolution
		{D501CB7D-6AD8-48AE-B65A-553629CA7FD2}.Debug|Any CPU.ActiveCfg = Debug|Any CPU
		{D501CB7D-6AD8-48AE-B65A-553629CA7FD2}.Debug|Any CPU.Build.0 = Debug|Any CPU
		{D501CB7D-6AD8-48AE-B65A-553629CA7FD2}.Release|Any CPU.ActiveCfg = Release|Any CPU
		{D501CB7D-6AD8-48AE-B65A-553629CA7FD2}.Release|Any CPU.Build.0 = Release|Any CPU
	EndGlobalSection
	GlobalSection(SolutionProperties) = preSolution
		HideSolutionNode = FALSE
	EndGlobalSection
	GlobalSection(ExtensibilityGlobals) = postSolution
		SolutionGuid = {7C0AE099-1BDE-4D79-9016-302FA4B20BEB}
	EndGlobalSection
EndGlobal
